
Microsoft Visual Studio Solution File, Format Version 11.00
# Visual Studio 2010
Project("{FAE04EC0-301F-11D3-BF4B-00C04F79EFBC}") = "ShipTracker", "ShipTracker\ShipTracker.csproj", "{877DA4AC-1C95-4874-B5CD-4FA5E60089C3}"
EndProject
Project("{FAE04EC0-301F-11D3-BF4B-00C04F79EFBC}") = "ShipTracker.Tests", "ShipTracker.Tests\ShipTracker.Tests.csproj", "{A0162DCB-92DA-4E6D-9335-7A0AB2AFB79B}"
EndProject
Project("{2150E333-8FDC-42A3-9474-1A3956D46DE8}") = "Solution Items", "Solution Items", "{51B20F7D-321A-4D18-8972-B58A3E0C7731}"
	ProjectSection(SolutionItems) = preProject
		Local.testsettings = Local.testsettings
		ShipTracker.vsmdi = ShipTracker.vsmdi
		TraceAndTestImpact.testsettings = TraceAndTestImpact.testsettings
	EndProjectSection
EndProject
Global
	GlobalSection(TestCaseManagementSettings) = postSolution
		CategoryFile = ShipTracker.vsmdi
	EndGlobalSection
	GlobalSection(SolutionConfigurationPlatforms) = preSolution
		Debug|Any CPU = Debug|Any CPU
		Debug|Mixed Platforms = Debug|Mixed Platforms
		Debug|x86 = Debug|x86
		Release|Any CPU = Release|Any CPU
		Release|Mixed Platforms = Release|Mixed Platforms
		Release|x86 = Release|x86
	EndGlobalSection
	GlobalSection(ProjectConfigurationPlatforms) = postSolution
		{877DA4AC-1C95-4874-B5CD-4FA5E60089C3}.Debug|Any CPU.ActiveCfg = Debug|x86
		{877DA4AC-1C95-4874-B5CD-4FA5E60089C3}.Debug|Mixed Platforms.ActiveCfg = Debug|x86
		{877DA4AC-1C95-4874-B5CD-4FA5E60089C3}.Debug|Mixed Platforms.Build.0 = Debug|x86
		{877DA4AC-1C95-4874-B5CD-4FA5E60089C3}.Debug|x86.ActiveCfg = Debug|x86
		{877DA4AC-1C95-4874-B5CD-4FA5E60089C3}.Debug|x86.Build.0 = Debug|x86
		{877DA4AC-1C95-4874-B5CD-4FA5E60089C3}.Release|Any CPU.ActiveCfg = Release|x86
		{877DA4AC-1C95-4874-B5CD-4FA5E60089C3}.Release|Mixed Platforms.ActiveCfg = Release|x86
		{877DA4AC-1C95-4874-B5CD-4FA5E60089C3}.Release|Mixed Platforms.Build.0 = Release|x86
		{877DA4AC-1C95-4874-B5CD-4FA5E60089C3}.Release|x86.ActiveCfg = Release|x86
		{877DA4AC-1C95-4874-B5CD-4FA5E60089C3}.Release|x86.Build.0 = Release|x86
		{A0162DCB-92DA-4E6D-9335-7A0AB2AFB79B}.Debug|Any CPU.ActiveCfg = Debug|Any CPU
		{A0162DCB-92DA-4E6D-9335-7A0AB2AFB79B}.Debug|Any CPU.Build.0 = Debug|Any CPU
		{A0162DCB-92DA-4E6D-9335-7A0AB2AFB79B}.Debug|Mixed Platforms.ActiveCfg = Debug|Any CPU
		{A0162DCB-92DA-4E6D-9335-7A0AB2AFB79B}.Debug|Mixed Platforms.Build.0 = Debug|Any CPU
		{A0162DCB-92DA-4E6D-9335-7A0AB2AFB79B}.Debug|x86.ActiveCfg = Debug|Any CPU
		{A0162DCB-92DA-4E6D-9335-7A0AB2AFB79B}.Release|Any CPU.ActiveCfg = Release|Any CPU
		{A0162DCB-92DA-4E6D-9335-7A0AB2AFB79B}.Release|Any CPU.Build.0 = Release|Any CPU
		{A0162DCB-92DA-4E6D-9335-7A0AB2AFB79B}.Release|Mixed Platforms.ActiveCfg = Release|Any CPU
		{A0162DCB-92DA-4E6D-9335-7A0AB2AFB79B}.Release|Mixed Platforms.Build.0 = Release|Any CPU
		{A0162DCB-92DA-4E6D-9335-7A0AB2AFB79B}.Release|x86.ActiveCfg = Release|Any CPU
	EndGlobalSection
	GlobalSection(SolutionProperties) = preSolution
		HideSolutionNode = FALSE
	EndGlobalSection
EndGlobal
